<?xml version="1.0" encoding="utf-8"?>
<Project ToolsVersion="4.0" xmlns="http://schemas.microsoft.com/developer/msbuild/2003">
  <ItemGroup>
    <Filter Include="Source Files">
      <UniqueIdentifier>{4FC737F1-C7A5-4376-A066-2A32D752A2FF}</UniqueIdentifier>
      <Extensions>cpp;c;cc;cxx;def;odl;idl;hpj;bat;asm;asmx</Extensions>
    </Filter>
    <Filter Include="Header Files">
      <UniqueIdentifier>{93995380-89BD-4b04-88EB-625FBE52EBFB}</UniqueIdentifier>
      <Extensions>h;hh;hpp;hxx;hm;inl;inc;ipp;xsd</Extensions>
    </Filter>
    <Filter Include="Resource Files">
      <UniqueIdentifier>{67DA6AB6-F800-4c08-8B7A-83BB121AAD01}</UniqueIdentifier>
      <Extensions>rc;ico;cur;bmp;dlg;rc2;rct;bin;rgs;gif;jpg;jpeg;jpe;resx;tiff;tif;png;wav;mfcribbon-ms</Extensions>
    </Filter>
    <Filter Include="Source Files\fill-task1">
      <UniqueIdentifier>{c3d4f003-c45c-41f8-a4de-695eac4f6f3d}</UniqueIdentifier>
    </Filter>
    <Filter Include="Source Files\condition-number-task2">
      <UniqueIdentifier>{6acb7165-4de4-4480-9028-e00b44eeb61e}</UniqueIdentifier>
    </Filter>
    <Filter Include="Source Files\gauss-task3">
      <UniqueIdentifier>{2f2a71e6-429a-4c7c-95ab-46298ac9df67}</UniqueIdentifier>
    </Filter>
    <Filter Include="Source Files\utilities">
      <UniqueIdentifier>{7b6c8bfe-5234-4192-afc5-308c6b7b95db}</UniqueIdentifier>
    </Filter>
    <Filter Include="Source Files\lup-task4">
      <UniqueIdentifier>{9f09c770-60d2-4258-a9cc-7b02378fc50a}</UniqueIdentifier>
    </Filter>
    <Filter Include="Source Files\cholesky-task5">
      <UniqueIdentifier>{21f05ae0-4f56-41e0-99df-e5941744ede8}</UniqueIdentifier>
    </Filter>
  </ItemGroup>
  <ItemGroup>
    <ClInclude Include="Matrix.h">
      <Filter>Header Files</Filter>
    </ClInclude>
    <ClInclude Include="fill.h">
      <Filter>Source Files\fill-task1</Filter>
    </ClInclude>
    <ClInclude Include="condition_number.h">
      <Filter>Source Files\condition-number-task2</Filter>
    </ClInclude>
    <ClInclude Include="gauss.h">
      <Filter>Source Files\gauss-task3</Filter>
    </ClInclude>
    <ClInclude Include="utilities.h">
      <Filter>Source Files\utilities</Filter>
    </ClInclude>
    <ClInclude Include="lup.h">
      <Filter>Source Files\lup-task4</Filter>
    </ClInclude>
    <ClInclude Include="cholesky.h">
      <Filter>Source Files\cholesky-task5</Filter>
    </ClInclude>
  </ItemGroup>
  <ItemGroup>
    <ClCompile Include="main.cpp">
      <Filter>Source Files</Filter>
    </ClCompile>
    <ClCompile Include="fill.cpp">
      <Filter>Source Files\fill-task1</Filter>
    </ClCompile>
    <ClCompile Include="condition_number.cpp">
      <Filter>Source Files\condition-number-task2</Filter>
    </ClCompile>
    <ClCompile Include="gauss.cpp">
      <Filter>Source Files\gauss-task3</Filter>
    </ClCompile>
    <ClCompile Include="utilities.cpp">
      <Filter>Source Files\utilities</Filter>
    </ClCompile>
    <ClCompile Include="lup.cpp">
      <Filter>Source Files\lup-task4</Filter>
    </ClCompile>
    <ClCompile Include="cholesky.cpp">
      <Filter>Source Files\cholesky-task5</Filter>
    </ClCompile>
  </ItemGroup>
</Project>